
Microsoft Visual Studio Solution File, Format Version 12.00
# Visual Studio 15
VisualStudioVersion = 15.0.27130.2003
MinimumVisualStudioVersion = 10.0.40219.1
Project("{FAE04EC0-301F-11D3-BF4B-00C04F79EFBC}") = "MakerSweet.Services", "MakerSweet.Services\MakerSweet.Services.csproj", "{5DC47F33-EC5E-4877-8534-A5A52943A057}"
EndProject
Global
	GlobalSection(SolutionConfigurationPlatforms) = preSolution
		Debug|Any CPU = Debug|Any CPU
		Release|Any CPU = Release|Any CPU
	EndGlobalSection
	GlobalSection(ProjectConfigurationPlatforms) = postSolution
		{5DC47F33-EC5E-4877-8534-A5A52943A057}.Debug|Any CPU.ActiveCfg = Debug|Any CPU
		{5DC47F33-EC5E-4877-8534-A5A52943A057}.Debug|Any CPU.Build.0 = Debug|Any CPU
		{5DC47F33-EC5E-4877-8534-A5A52943A057}.Release|Any CPU.ActiveCfg = Release|Any CPU
		{5DC47F33-EC5E-4877-8534-A5A52943A057}.Release|Any CPU.Build.0 = Release|Any CPU
	EndGlobalSection
	GlobalSection(SolutionProperties) = preSolution
		HideSolutionNode = FALSE
	EndGlobalSection
	GlobalSection(ExtensibilityGlobals) = postSolution
		SolutionGuid = {E529647A-5CB9-4F2C-8A52-38F4CAA55599}
	EndGlobalSection
EndGlobal
